
Microsoft Visual Studio Solution File, Format Version 12.00
# Visual Studio 15
VisualStudioVersion = 15.0.27428.1
MinimumVisualStudioVersion = 10.0.40219.1
Project("{FAE04EC0-301F-11D3-BF4B-00C04F79EFBC}") = "WPF_Server_Http", "WPF_Server_Http\WPF_Server_Http.csproj", "{D35A5048-E087-4C8B-887B-88156C9A066E}"
EndProject
Project("{FAE04EC0-301F-11D3-BF4B-00C04F79EFBC}") = "QNetwork++++", "QNetwork++++\QNetwork++++.csproj", "{A79E544E-897C-4F80-978C-1DDB2900C266}"
EndProject
Global
	GlobalSection(SolutionConfigurationPlatforms) = preSolution
		Debug|Any CPU = Debug|Any CPU
		Release|Any CPU = Release|Any CPU
	EndGlobalSection
	GlobalSection(ProjectConfigurationPlatforms) = postSolution
		{D35A5048-E087-4C8B-887B-88156C9A066E}.Debug|Any CPU.ActiveCfg = Debug|Any CPU
		{D35A5048-E087-4C8B-887B-88156C9A066E}.Debug|Any CPU.Build.0 = Debug|Any CPU
		{D35A5048-E087-4C8B-887B-88156C9A066E}.Release|Any CPU.ActiveCfg = Release|Any CPU
		{D35A5048-E087-4C8B-887B-88156C9A066E}.Release|Any CPU.Build.0 = Release|Any CPU
		{A79E544E-897C-4F80-978C-1DDB2900C266}.Debug|Any CPU.ActiveCfg = Debug|Any CPU
		{A79E544E-897C-4F80-978C-1DDB2900C266}.Debug|Any CPU.Build.0 = Debug|Any CPU
		{A79E544E-897C-4F80-978C-1DDB2900C266}.Release|Any CPU.ActiveCfg = Release|Any CPU
		{A79E544E-897C-4F80-978C-1DDB2900C266}.Release|Any CPU.Build.0 = Release|Any CPU
	EndGlobalSection
	GlobalSection(SolutionProperties) = preSolution
		HideSolutionNode = FALSE
	EndGlobalSection
	GlobalSection(ExtensibilityGlobals) = postSolution
		SolutionGuid = {BDF2548E-E0B5-42B2-A580-29A5F882EDF9}
	EndGlobalSection
EndGlobal
